// !$*UTF8*$!
{
	archiveVersion = 1;
	classes = {
	};
	objectVersion = 51;
	objects = {

/* Begin PBXBuildFile section */
		109BFB8624F0D8A7005AF007 /* AppDelegate.swift in Sources */ = {isa = PBXBuildFile; fileRef = 109BFB8524F0D8A7005AF007 /* AppDelegate.swift */; };
		109BFB8824F0D8A7005AF007 /* SceneDelegate.swift in Sources */ = {isa = PBXBuildFile; fileRef = 109BFB8724F0D8A7005AF007 /* SceneDelegate.swift */; };
		109BFB8A24F0D8A7005AF007 /* ListViewController.swift in Sources */ = {isa = PBXBuildFile; fileRef = 109BFB8924F0D8A7005AF007 /* ListViewController.swift */; };
		109BFB8D24F0D8A7005AF007 /* Main.storyboard in Resources */ = {isa = PBXBuildFile; fileRef = 109BFB8B24F0D8A7005AF007 /* Main.storyboard */; };
		109BFB8F24F0D8B3005AF007 /* Assets.xcassets in Resources */ = {isa = PBXBuildFile; fileRef = 109BFB8E24F0D8B3005AF007 /* Assets.xcassets */; };
		109BFB9224F0D8B3005AF007 /* LaunchScreen.storyboard in Resources */ = {isa = PBXBuildFile; fileRef = 109BFB9024F0D8B3005AF007 /* LaunchScreen.storyboard */; };
		109BFB9D24F0D8B3005AF007 /* movieDBTests.swift in Sources */ = {isa = PBXBuildFile; fileRef = 109BFB9C24F0D8B3005AF007 /* movieDBTests.swift */; };
		109BFBA824F0DE10005AF007 /* NetworkManager.swift in Sources */ = {isa = PBXBuildFile; fileRef = 109BFBA724F0DE10005AF007 /* NetworkManager.swift */; };
		109BFBAA24F0DEE1005AF007 /* SearchViewController.swift in Sources */ = {isa = PBXBuildFile; fileRef = 109BFBA924F0DEE1005AF007 /* SearchViewController.swift */; };
		109BFBAC24F0DF38005AF007 /* MovieDetailViewController.swift in Sources */ = {isa = PBXBuildFile; fileRef = 109BFBAB24F0DF38005AF007 /* MovieDetailViewController.swift */; };
		109BFBAF24F0F71E005AF007 /* keys.plist in Resources */ = {isa = PBXBuildFile; fileRef = 109BFBAE24F0F71E005AF007 /* keys.plist */; };
		109BFBB124F0F759005AF007 /* Movie.swift in Sources */ = {isa = PBXBuildFile; fileRef = 109BFBB024F0F759005AF007 /* Movie.swift */; };
		109BFBB324F12540005AF007 /* UpcomingMoviesDS.swift in Sources */ = {isa = PBXBuildFile; fileRef = 109BFBB224F12540005AF007 /* UpcomingMoviesDS.swift */; };
		109BFBB524F12948005AF007 /* UpcomingMoviesTVC.swift in Sources */ = {isa = PBXBuildFile; fileRef = 109BFBB424F12948005AF007 /* UpcomingMoviesTVC.swift */; };
		109BFBB724F16CA7005AF007 /* NowPlayingDS.swift in Sources */ = {isa = PBXBuildFile; fileRef = 109BFBB624F16CA7005AF007 /* NowPlayingDS.swift */; };
		109BFBB924F16DBD005AF007 /* NowPlayingCVC.swift in Sources */ = {isa = PBXBuildFile; fileRef = 109BFBB824F16DBD005AF007 /* NowPlayingCVC.swift */; };
		B6A4E3AA70F9BCEDAE31C0FE /* Pods_movieDB.framework in Frameworks */ = {isa = PBXBuildFile; fileRef = 9EC7C7651846C116A9E1AB17 /* Pods_movieDB.framework */; };
/* End PBXBuildFile section */

/* Begin PBXContainerItemProxy section */
		109BFB9924F0D8B3005AF007 /* PBXContainerItemProxy */ = {
			isa = PBXContainerItemProxy;
			containerPortal = 109BFB7A24F0D8A7005AF007 /* Project object */;
			proxyType = 1;
			remoteGlobalIDString = 109BFB8124F0D8A7005AF007;
			remoteInfo = movieDB;
		};
/* End PBXContainerItemProxy section */

/* Begin PBXFileReference section */
		109BFB8224F0D8A7005AF007 /* movieDB.app */ = {isa = PBXFileReference; explicitFileType = wrapper.application; includeInIndex = 0; path = movieDB.app; sourceTree = BUILT_PRODUCTS_DIR; };
		109BFB8524F0D8A7005AF007 /* AppDelegate.swift */ = {isa = PBXFileReference; lastKnownFileType = sourcecode.swift; path = AppDelegate.swift; sourceTree = "<group>"; };
		109BFB8724F0D8A7005AF007 /* SceneDelegate.swift */ = {isa = PBXFileReference; lastKnownFileType = sourcecode.swift; path = SceneDelegate.swift; sourceTree = "<group>"; };
		109BFB8924F0D8A7005AF007 /* ListViewController.swift */ = {isa = PBXFileReference; lastKnownFileType = sourcecode.swift; path = ListViewController.swift; sourceTree = "<group>"; };
		109BFB8C24F0D8A7005AF007 /* Base */ = {isa = PBXFileReference; lastKnownFileType = file.storyboard; name = Base; path = Base.lproj/Main.storyboard; sourceTree = "<group>"; };
		109BFB8E24F0D8B3005AF007 /* Assets.xcassets */ = {isa = PBXFileReference; lastKnownFileType = folder.assetcatalog; path = Assets.xcassets; sourceTree = "<group>"; };
		109BFB9124F0D8B3005AF007 /* Base */ = {isa = PBXFileReference; lastKnownFileType = file.storyboard; name = Base; path = Base.lproj/LaunchScreen.storyboard; sourceTree = "<group>"; };
		109BFB9324F0D8B3005AF007 /* Info.plist */ = {isa = PBXFileReference; lastKnownFileType = text.plist.xml; path = Info.plist; sourceTree = "<group>"; };
		109BFB9824F0D8B3005AF007 /* movieDBTests.xctest */ = {isa = PBXFileReference; explicitFileType = wrapper.cfbundle; includeInIndex = 0; path = movieDBTests.xctest; sourceTree = BUILT_PRODUCTS_DIR; };
		109BFB9C24F0D8B3005AF007 /* movieDBTests.swift */ = {isa = PBXFileReference; lastKnownFileType = sourcecode.swift; path = movieDBTests.swift; sourceTree = "<group>"; };
		109BFB9E24F0D8B3005AF007 /* Info.plist */ = {isa = PBXFileReference; lastKnownFileType = text.plist.xml; path = Info.plist; sourceTree = "<group>"; };
		109BFBA724F0DE10005AF007 /* NetworkManager.swift */ = {isa = PBXFileReference; lastKnownFileType = sourcecode.swift; path = NetworkManager.swift; sourceTree = "<group>"; };
		109BFBA924F0DEE1005AF007 /* SearchViewController.swift */ = {isa = PBXFileReference; lastKnownFileType = sourcecode.swift; path = SearchViewController.swift; sourceTree = "<group>"; };
		109BFBAB24F0DF38005AF007 /* MovieDetailViewController.swift */ = {isa = PBXFileReference; lastKnownFileType = sourcecode.swift; path = MovieDetailViewController.swift; sourceTree = "<group>"; };
		109BFBAE24F0F71E005AF007 /* keys.plist */ = {isa = PBXFileReference; fileEncoding = 4; lastKnownFileType = text.plist.xml; path = keys.plist; sourceTree = "<group>"; };
		109BFBB024F0F759005AF007 /* Movie.swift */ = {isa = PBXFileReference; lastKnownFileType = sourcecode.swift; path = Movie.swift; sourceTree = "<group>"; };
		109BFBB224F12540005AF007 /* UpcomingMoviesDS.swift */ = {isa = PBXFileReference; lastKnownFileType = sourcecode.swift; path = UpcomingMoviesDS.swift; sourceTree = "<group>"; };
		109BFBB424F12948005AF007 /* UpcomingMoviesTVC.swift */ = {isa = PBXFileReference; lastKnownFileType = sourcecode.swift; path = UpcomingMoviesTVC.swift; sourceTree = "<group>"; };
		109BFBB624F16CA7005AF007 /* NowPlayingDS.swift */ = {isa = PBXFileReference; lastKnownFileType = sourcecode.swift; path = NowPlayingDS.swift; sourceTree = "<group>"; };
		109BFBB824F16DBD005AF007 /* NowPlayingCVC.swift */ = {isa = PBXFileReference; lastKnownFileType = sourcecode.swift; path = NowPlayingCVC.swift; sourceTree = "<group>"; };
		459B656AA588ED27B57E1A89 /* Pods-movieDB.debug.xcconfig */ = {isa = PBXFileReference; includeInIndex = 1; lastKnownFileType = text.xcconfig; name = "Pods-movieDB.debug.xcconfig"; path = "Target Support Files/Pods-movieDB/Pods-movieDB.debug.xcconfig"; sourceTree = "<group>"; };
		9EC7C7651846C116A9E1AB17 /* Pods_movieDB.framework */ = {isa = PBXFileReference; explicitFileType = wrapper.framework; includeInIndex = 0; path = Pods_movieDB.framework; sourceTree = BUILT_PRODUCTS_DIR; };
		F8D7A602EFCB108FDC91AD4D /* Pods-movieDB.release.xcconfig */ = {isa = PBXFileReference; includeInIndex = 1; lastKnownFileType = text.xcconfig; name = "Pods-movieDB.release.xcconfig"; path = "Target Support Files/Pods-movieDB/Pods-movieDB.release.xcconfig"; sourceTree = "<group>"; };
/* End PBXFileReference section */

/* Begin PBXFrameworksBuildPhase section */
		109BFB7F24F0D8A7005AF007 /* Frameworks */ = {
			isa = PBXFrameworksBuildPhase;
			buildActionMask = 2147483647;
			files = (
				B6A4E3AA70F9BCEDAE31C0FE /* Pods_movieDB.framework in Frameworks */,
			);
			runOnlyForDeploymentPostprocessing = 0;
		};
		109BFB9524F0D8B3005AF007 /* Frameworks */ = {
			isa = PBXFrameworksBuildPhase;
			buildActionMask = 2147483647;
			files = (
			);
			runOnlyForDeploymentPostprocessing = 0;
		};
/* End PBXFrameworksBuildPhase section */

/* Begin PBXGroup section */
		109BFB7924F0D8A7005AF007 = {
			isa = PBXGroup;
			children = (
				109BFB8424F0D8A7005AF007 /* movieDB */,
				109BFB9B24F0D8B3005AF007 /* movieDBTests */,
				109BFB8324F0D8A7005AF007 /* Products */,
				F9814AA1D7048F0384003235 /* Pods */,
				5FE018C5C792BDEC9C77BD7F /* Frameworks */,
			);
			sourceTree = "<group>";
		};
		109BFB8324F0D8A7005AF007 /* Products */ = {
			isa = PBXGroup;
			children = (
				109BFB8224F0D8A7005AF007 /* movieDB.app */,
				109BFB9824F0D8B3005AF007 /* movieDBTests.xctest */,
			);
			name = Products;
			sourceTree = "<group>";
		};
		109BFB8424F0D8A7005AF007 /* movieDB */ = {
			isa = PBXGroup;
			children = (
				109BFB8524F0D8A7005AF007 /* AppDelegate.swift */,
				109BFB8724F0D8A7005AF007 /* SceneDelegate.swift */,
				109BFBA724F0DE10005AF007 /* NetworkManager.swift */,
				109BFBB024F0F759005AF007 /* Movie.swift */,
				109BFBB224F12540005AF007 /* UpcomingMoviesDS.swift */,
				109BFBB624F16CA7005AF007 /* NowPlayingDS.swift */,
				109BFBB424F12948005AF007 /* UpcomingMoviesTVC.swift */,
				109BFBB824F16DBD005AF007 /* NowPlayingCVC.swift */,
				109BFB8B24F0D8A7005AF007 /* Main.storyboard */,
				109BFBAD24F0DF45005AF007 /* ViewControllers */,
				109BFB8E24F0D8B3005AF007 /* Assets.xcassets */,
				109BFB9024F0D8B3005AF007 /* LaunchScreen.storyboard */,
				109BFB9324F0D8B3005AF007 /* Info.plist */,
				109BFBAE24F0F71E005AF007 /* keys.plist */,
			);
			path = movieDB;
			sourceTree = "<group>";
		};
		109BFB9B24F0D8B3005AF007 /* movieDBTests */ = {
			isa = PBXGroup;
			children = (
				109BFB9C24F0D8B3005AF007 /* movieDBTests.swift */,
				109BFB9E24F0D8B3005AF007 /* Info.plist */,
			);
			path = movieDBTests;
			sourceTree = "<group>";
		};
		109BFBAD24F0DF45005AF007 /* ViewControllers */ = {
			isa = PBXGroup;
			children = (
				109BFB8924F0D8A7005AF007 /* ListViewController.swift */,
				109BFBA924F0DEE1005AF007 /* SearchViewController.swift */,
				109BFBAB24F0DF38005AF007 /* MovieDetailViewController.swift */,
			);
			path = ViewControllers;
			sourceTree = "<group>";
		};
		5FE018C5C792BDEC9C77BD7F /* Frameworks */ = {
			isa = PBXGroup;
			children = (
				9EC7C7651846C116A9E1AB17 /* Pods_movieDB.framework */,
			);
			name = Frameworks;
			sourceTree = "<group>";
		};
		F9814AA1D7048F0384003235 /* Pods */ = {
			isa = PBXGroup;
			children = (
				459B656AA588ED27B57E1A89 /* Pods-movieDB.debug.xcconfig */,
				F8D7A602EFCB108FDC91AD4D /* Pods-movieDB.release.xcconfig */,
			);
			path = Pods;
			sourceTree = "<group>";
		};
/* End PBXGroup section */

/* Begin PBXNativeTarget section */
		109BFB8124F0D8A7005AF007 /* movieDB */ = {
			isa = PBXNativeTarget;
			buildConfigurationList = 109BFBA124F0D8B3005AF007 /* Build configuration list for PBXNativeTarget "movieDB" */;
			buildPhases = (
				DB5AC1E46D6D937EB63C75A1 /* [CP] Check Pods Manifest.lock */,
				109BFB7E24F0D8A7005AF007 /* Sources */,
				109BFB7F24F0D8A7005AF007 /* Frameworks */,
				109BFB8024F0D8A7005AF007 /* Resources */,
				657F721D7C0A262D87BD38F8 /* [CP] Embed Pods Frameworks */,
			);
			buildRules = (
			);
			dependencies = (
			);
			name = movieDB;
			productName = movieDB;
			productReference = 109BFB8224F0D8A7005AF007 /* movieDB.app */;
			productType = "com.apple.product-type.application";
		};
		109BFB9724F0D8B3005AF007 /* movieDBTests */ = {
			isa = PBXNativeTarget;
			buildConfigurationList = 109BFBA424F0D8B3005AF007 /* Build configuration list for PBXNativeTarget "movieDBTests" */;
			buildPhases = (
				109BFB9424F0D8B3005AF007 /* Sources */,
				109BFB9524F0D8B3005AF007 /* Frameworks */,
				109BFB9624F0D8B3005AF007 /* Resources */,
			);
			buildRules = (
			);
			dependencies = (
				109BFB9A24F0D8B3005AF007 /* PBXTargetDependency */,
			);
			name = movieDBTests;
			productName = movieDBTests;
			productReference = 109BFB9824F0D8B3005AF007 /* movieDBTests.xctest */;
			productType = "com.apple.product-type.bundle.unit-test";
		};
/* End PBXNativeTarget section */

/* Begin PBXProject section */
		109BFB7A24F0D8A7005AF007 /* Project object */ = {
			isa = PBXProject;
			attributes = {
				LastSwiftUpdateCheck = 1120;
				LastUpgradeCheck = 1120;
				ORGANIZATIONNAME = "Engin KUK";
				TargetAttributes = {
					109BFB8124F0D8A7005AF007 = {
						CreatedOnToolsVersion = 11.2.1;
					};
					109BFB9724F0D8B3005AF007 = {
						CreatedOnToolsVersion = 11.2.1;
						TestTargetID = 109BFB8124F0D8A7005AF007;
					};
				};
			};
			buildConfigurationList = 109BFB7D24F0D8A7005AF007 /* Build configuration list for PBXProject "movieDB" */;
			compatibilityVersion = "Xcode 9.3";
			developmentRegion = en;
			hasScannedForEncodings = 0;
			knownRegions = (
				en,
				Base,
			);
			mainGroup = 109BFB7924F0D8A7005AF007;
			productRefGroup = 109BFB8324F0D8A7005AF007 /* Products */;
			projectDirPath = "";
			projectRoot = "";
			targets = (
				109BFB8124F0D8A7005AF007 /* movieDB */,
				109BFB9724F0D8B3005AF007 /* movieDBTests */,
			);
		};
/* End PBXProject section */

/* Begin PBXResourcesBuildPhase section */
		109BFB8024F0D8A7005AF007 /* Resources */ = {
			isa = PBXResourcesBuildPhase;
			buildActionMask = 2147483647;
			files = (
				109BFBAF24F0F71E005AF007 /* keys.plist in Resources */,
				109BFB9224F0D8B3005AF007 /* LaunchScreen.storyboard in Resources */,
				109BFB8F24F0D8B3005AF007 /* Assets.xcassets in Resources */,
				109BFB8D24F0D8A7005AF007 /* Main.storyboard in Resources */,
			);
			runOnlyForDeploymentPostprocessing = 0;
		};
		109BFB9624F0D8B3005AF007 /* Resources */ = {
			isa = PBXResourcesBuildPhase;
			buildActionMask = 2147483647;
			files = (
			);
			runOnlyForDeploymentPostprocessing = 0;
		};
/* End PBXResourcesBuildPhase section */

/* Begin PBXShellScriptBuildPhase section */
		657F721D7C0A262D87BD38F8 /* [CP] Embed Pods Frameworks */ = {
			isa = PBXShellScriptBuildPhase;
			buildActionMask = 2147483647;
			files = (
			);
			inputFileListPaths = (
				"${PODS_ROOT}/Target Support Files/Pods-movieDB/Pods-movieDB-frameworks-${CONFIGURATION}-input-files.xcfilelist",
			);
			name = "[CP] Embed Pods Frameworks";
			outputFileListPaths = (
				"${PODS_ROOT}/Target Support Files/Pods-movieDB/Pods-movieDB-frameworks-${CONFIGURATION}-output-files.xcfilelist",
			);
			runOnlyForDeploymentPostprocessing = 0;
			shellPath = /bin/sh;
			shellScript = "\"${PODS_ROOT}/Target Support Files/Pods-movieDB/Pods-movieDB-frameworks.sh\"\n";
			showEnvVarsInLog = 0;
		};
		DB5AC1E46D6D937EB63C75A1 /* [CP] Check Pods Manifest.lock */ = {
			isa = PBXShellScriptBuildPhase;
			buildActionMask = 2147483647;
			files = (
			);
			inputFileListPaths = (
			);
			inputPaths = (
				"${PODS_PODFILE_DIR_PATH}/Podfile.lock",
				"${PODS_ROOT}/Manifest.lock",
			);
			name = "[CP] Check Pods Manifest.lock";
			outputFileListPaths = (
			);
			outputPaths = (
				"$(DERIVED_FILE_DIR)/Pods-movieDB-checkManifestLockResult.txt",
			);
			runOnlyForDeploymentPostprocessing = 0;
			shellPath = /bin/sh;
			shellScript = "diff \"${PODS_PODFILE_DIR_PATH}/Podfile.lock\" \"${PODS_ROOT}/Manifest.lock\" > /dev/null\nif [ $? != 0 ] ; then\n    # print error to STDERR\n    echo \"error: The sandbox is not in sync with the Podfile.lock. Run 'pod install' or update your CocoaPods installation.\" >&2\n    exit 1\nfi\n# This output is used by Xcode 'outputs' to avoid re-running this script phase.\necho \"SUCCESS\" > \"${SCRIPT_OUTPUT_FILE_0}\"\n";
			showEnvVarsInLog = 0;
		};
/* End PBXShellScriptBuildPhase section */

/* Begin PBXSourcesBuildPhase section */
		109BFB7E24F0D8A7005AF007 /* Sources */ = {
			isa = PBXSourcesBuildPhase;
			buildActionMask = 2147483647;
			files = (
				109BFBB724F16CA7005AF007 /* NowPlayingDS.swift in Sources */,
				109BFBB924F16DBD005AF007 /* NowPlayingCVC.swift in Sources */,
				109BFBB124F0F759005AF007 /* Movie.swift in Sources */,
				109BFBB324F12540005AF007 /* UpcomingMoviesDS.swift in Sources */,
				109BFBAA24F0DEE1005AF007 /* SearchViewController.swift in Sources */,
				109BFBB524F12948005AF007 /* UpcomingMoviesTVC.swift in Sources */,
				109BFBA824F0DE10005AF007 /* NetworkManager.swift in Sources */,
				109BFB8A24F0D8A7005AF007 /* ListViewController.swift in Sources */,
				109BFB8624F0D8A7005AF007 /* AppDelegate.swift in Sources */,
				109BFBAC24F0DF38005AF007 /* MovieDetailViewController.swift in Sources */,
				109BFB8824F0D8A7005AF007 /* SceneDelegate.swift in Sources */,
			);
			runOnlyForDeploymentPostprocessing = 0;
		};
		109BFB9424F0D8B3005AF007 /* Sources */ = {
			isa = PBXSourcesBuildPhase;
			buildActionMask = 2147483647;
			files = (
				109BFB9D24F0D8B3005AF007 /* movieDBTests.swift in Sources */,
			);
			runOnlyForDeploymentPostprocessing = 0;
		};
/* End PBXSourcesBuildPhase section */

/* Begin PBXTargetDependency section */
		109BFB9A24F0D8B3005AF007 /* PBXTargetDependency */ = {
			isa = PBXTargetDependency;
			target = 109BFB8124F0D8A7005AF007 /* movieDB */;
			targetProxy = 109BFB9924F0D8B3005AF007 /* PBXContainerItemProxy */;
		};
/* End PBXTargetDependency section */

/* Begin PBXVariantGroup section */
		109BFB8B24F0D8A7005AF007 /* Main.storyboard */ = {
			isa = PBXVariantGroup;
			children = (
				109BFB8C24F0D8A7005AF007 /* Base */,
			);
			name = Main.storyboard;
			sourceTree = "<group>";
		};
		109BFB9024F0D8B3005AF007 /* LaunchScreen.storyboard */ = {
			isa = PBXVariantGroup;
			children = (
				109BFB9124F0D8B3005AF007 /* Base */,
			);
			name = LaunchScreen.storyboard;
			sourceTree = "<group>";
		};
/* End PBXVariantGroup section */

/* Begin XCBuildConfiguration section */
		109BFB9F24F0D8B3005AF007 /* Debug */ = {
			isa = XCBuildConfiguration;
			buildSettings = {
				ALWAYS_SEARCH_USER_PATHS = NO;
				CLANG_ANALYZER_NONNULL = YES;
				CLANG_ANALYZER_NUMBER_OBJECT_CONVERSION = YES_AGGRESSIVE;
				CLANG_CXX_LANGUAGE_STANDARD = "gnu++14";
				CLANG_CXX_LIBRARY = "libc++";
				CLANG_ENABLE_MODULES = YES;
				CLANG_ENABLE_OBJC_ARC = YES;
				CLANG_ENABLE_OBJC_WEAK = YES;
				CLANG_WARN_BLOCK_CAPTURE_AUTORELEASING = YES;
				CLANG_WARN_BOOL_CONVERSION = YES;
				CLANG_WARN_COMMA = YES;
				CLANG_WARN_CONSTANT_CONVERSION = YES;
				CLANG_WARN_DEPRECATED_OBJC_IMPLEMENTATIONS = YES;
				CLANG_WARN_DIRECT_OBJC_ISA_USAGE = YES_ERROR;
				CLANG_WARN_DOCUMENTATION_COMMENTS = YES;
				CLANG_WARN_EMPTY_BODY = YES;
				CLANG_WARN_ENUM_CONVERSION = YES;
				CLANG_WARN_INFINITE_RECURSION = YES;
				CLANG_WARN_INT_CONVERSION = YES;
				CLANG_WARN_NON_LITERAL_NULL_CONVERSION = YES;
				CLANG_WARN_OBJC_IMPLICIT_RETAIN_SELF = YES;
				CLANG_WARN_OBJC_LITERAL_CONVERSION = YES;
				CLANG_WARN_OBJC_ROOT_CLASS = YES_ERROR;
				CLANG_WARN_RANGE_LOOP_ANALYSIS = YES;
				CLANG_WARN_STRICT_PROTOTYPES = YES;
				CLANG_WARN_SUSPICIOUS_MOVE = YES;
				CLANG_WARN_UNGUARDED_AVAILABILITY = YES_AGGRESSIVE;
				CLANG_WARN_UNREACHABLE_CODE = YES;
				CLANG_WARN__DUPLICATE_METHOD_MATCH = YES;
				COPY_PHASE_STRIP = NO;
				DEBUG_INFORMATION_FORMAT = dwarf;
				ENABLE_STRICT_OBJC_MSGSEND = YES;
				ENABLE_TESTABILITY = YES;
				GCC_C_LANGUAGE_STANDARD = gnu11;
				GCC_DYNAMIC_NO_PIC = NO;
				GCC_NO_COMMON_BLOCKS = YES;
				GCC_OPTIMIZATION_LEVEL = 0;
				GCC_PREPROCESSOR_DEFINITIONS = (
					"DEBUG=1",
					"$(inherited)",
				);
				GCC_WARN_64_TO_32_BIT_CONVERSION = YES;
				GCC_WARN_ABOUT_RETURN_TYPE = YES_ERROR;
				GCC_WARN_UNDECLARED_SELECTOR = YES;
				GCC_WARN_UNINITIALIZED_AUTOS = YES_AGGRESSIVE;
				GCC_WARN_UNUSED_FUNCTION = YES;
				GCC_WARN_UNUSED_VARIABLE = YES;
				IPHONEOS_DEPLOYMENT_TARGET = 13.2;
				MTL_ENABLE_DEBUG_INFO = INCLUDE_SOURCE;
				MTL_FAST_MATH = YES;
				ONLY_ACTIVE_ARCH = YES;
				SDKROOT = iphoneos;
				SWIFT_ACTIVE_COMPILATION_CONDITIONS = DEBUG;
				SWIFT_OPTIMIZATION_LEVEL = "-Onone";
			};
			name = Debug;
		};
		109BFBA024F0D8B3005AF007 /* Release */ = {
			isa = XCBuildConfiguration;
			buildSettings = {
				ALWAYS_SEARCH_USER_PATHS = NO;
				CLANG_ANALYZER_NONNULL = YES;
				CLANG_ANALYZER_NUMBER_OBJECT_CONVERSION = YES_AGGRESSIVE;
				CLANG_CXX_LANGUAGE_STANDARD = "gnu++14";
				CLANG_CXX_LIBRARY = "libc++";
				CLANG_ENABLE_MODULES = YES;
				CLANG_ENABLE_OBJC_ARC = YES;
				CLANG_ENABLE_OBJC_WEAK = YES;
				CLANG_WARN_BLOCK_CAPTURE_AUTORELEASING = YES;
				CLANG_WARN_BOOL_CONVERSION = YES;
				CLANG_WARN_COMMA = YES;
				CLANG_WARN_CONSTANT_CONVERSION = YES;
				CLANG_WARN_DEPRECATED_OBJC_IMPLEMENTATIONS = YES;
				CLANG_WARN_DIRECT_OBJC_ISA_USAGE = YES_ERROR;
				CLANG_WARN_DOCUMENTATION_COMMENTS = YES;
				CLANG_WARN_EMPTY_BODY = YES;
				CLANG_WARN_ENUM_CONVERSION = YES;
				CLANG_WARN_INFINITE_RECURSION = YES;
				CLANG_WARN_INT_CONVERSION = YES;
				CLANG_WARN_NON_LITERAL_NULL_CONVERSION = YES;
				CLANG_WARN_OBJC_IMPLICIT_RETAIN_SELF = YES;
				CLANG_WARN_OBJC_LITERAL_CONVERSION = YES;
				CLANG_WARN_OBJC_ROOT_CLASS = YES_ERROR;
				CLANG_WARN_RANGE_LOOP_ANALYSIS = YES;
				CLANG_WARN_STRICT_PROTOTYPES = YES;
				CLANG_WARN_SUSPICIOUS_MOVE = YES;
				CLANG_WARN_UNGUARDED_AVAILABILITY = YES_AGGRESSIVE;
				CLANG_WARN_UNREACHABLE_CODE = YES;
				CLANG_WARN__DUPLICATE_METHOD_MATCH = YES;
				COPY_PHASE_STRIP = NO;
				DEBUG_INFORMATION_FORMAT = "dwarf-with-dsym";
				ENABLE_NS_ASSERTIONS = NO;
				ENABLE_STRICT_OBJC_MSGSEND = YES;
				GCC_C_LANGUAGE_STANDARD = gnu11;
				GCC_NO_COMMON_BLOCKS = YES;
				GCC_WARN_64_TO_32_BIT_CONVERSION = YES;
				GCC_WARN_ABOUT_RETURN_TYPE = YES_ERROR;
				GCC_WARN_UNDECLARED_SELECTOR = YES;
				GCC_WARN_UNINITIALIZED_AUTOS = YES_AGGRESSIVE;
				GCC_WARN_UNUSED_FUNCTION = YES;
				GCC_WARN_UNUSED_VARIABLE = YES;
				IPHONEOS_DEPLOYMENT_TARGET = 13.2;
				MTL_ENABLE_DEBUG_INFO = NO;
				MTL_FAST_MATH = YES;
				SDKROOT = iphoneos;
				SWIFT_COMPILATION_MODE = wholemodule;
				SWIFT_OPTIMIZATION_LEVEL = "-O";
				VALIDATE_PRODUCT = YES;
			};
			name = Release;
		};
		109BFBA224F0D8B3005AF007 /* Debug */ = {
			isa = XCBuildConfiguration;
			baseConfigurationReference = 459B656AA588ED27B57E1A89 /* Pods-movieDB.debug.xcconfig */;
			buildSettings = {
				ASSETCATALOG_COMPILER_APPICON_NAME = AppIcon;
				CODE_SIGN_STYLE = Automatic;
				DEVELOPMENT_TEAM = 6T8ZJ7M7C9;
				INFOPLIST_FILE = movieDB/Info.plist;
				LD_RUNPATH_SEARCH_PATHS = (
					"$(inherited)",
					"@executable_path/Frameworks",
				);
				PRODUCT_BUNDLE_IDENTIFIER = com.example.movieDB;
				PRODUCT_NAME = "$(TARGET_NAME)";
				SWIFT_VERSION = 5.0;
				TARGETED_DEVICE_FAMILY = "1,2";
			};
			name = Debug;
		};
		109BFBA324F0D8B3005AF007 /* Release */ = {
			isa = XCBuildConfiguration;
			baseConfigurationReference = F8D7A602EFCB108FDC91AD4D /* Pods-movieDB.release.xcconfig */;
			buildSettings = {
				ASSETCATALOG_COMPILER_APPICON_NAME = AppIcon;
				CODE_SIGN_STYLE = Automatic;
				DEVELOPMENT_TEAM = 6T8ZJ7M7C9;
				INFOPLIST_FILE = movieDB/Info.plist;
				LD_RUNPATH_SEARCH_PATHS = (
					"$(inherited)",
					"@executable_path/Frameworks",
				);
				PRODUCT_BUNDLE_IDENTIFIER = com.example.movieDB;
				PRODUCT_NAME = "$(TARGET_NAME)";
				SWIFT_VERSION = 5.0;
				TARGETED_DEVICE_FAMILY = "1,2";
			};
			name = Release;
		};
		109BFBA524F0D8B3005AF007 /* Debug */ = {
			isa = XCBuildConfiguration;
			buildSettings = {
				ALWAYS_EMBED_SWIFT_STANDARD_LIBRARIES = YES;
				BUNDLE_LOADER = "$(TEST_HOST)";
				CODE_SIGN_STYLE = Automatic;
				DEVELOPMENT_TEAM = 6T8ZJ7M7C9;
				INFOPLIST_FILE = movieDBTests/Info.plist;
				IPHONEOS_DEPLOYMENT_TARGET = 13.2;
				LD_RUNPATH_SEARCH_PATHS = (
					"$(inherited)",
					"@executable_path/Frameworks",
					"@loader_path/Frameworks",
				);
				PRODUCT_BUNDLE_IDENTIFIER = com.example.movieDBTests;
				PRODUCT_NAME = "$(TARGET_NAME)";
				SWIFT_VERSION = 5.0;
				TARGETED_DEVICE_FAMILY = "1,2";
				TEST_HOST = "$(BUILT_PRODUCTS_DIR)/movieDB.app/movieDB";
			};
			name = Debug;
		};
		109BFBA624F0D8B3005AF007 /* Release */ = {
			isa = XCBuildConfiguration;
			buildSettings = {
				ALWAYS_EMBED_SWIFT_STANDARD_LIBRARIES = YES;
				BUNDLE_LOADER = "$(TEST_HOST)";
				CODE_SIGN_STYLE = Automatic;
				DEVELOPMENT_TEAM = 6T8ZJ7M7C9;
				INFOPLIST_FILE = movieDBTests/Info.plist;
				IPHONEOS_DEPLOYMENT_TARGET = 13.2;
				LD_RUNPATH_SEARCH_PATHS = (
					"$(inherited)",
					"@executable_path/Frameworks",
					"@loader_path/Frameworks",
				);
				PRODUCT_BUNDLE_IDENTIFIER = com.example.movieDBTests;
				PRODUCT_NAME = "$(TARGET_NAME)";
				SWIFT_VERSION = 5.0;
				TARGETED_DEVICE_FAMILY = "1,2";
				TEST_HOST = "$(BUILT_PRODUCTS_DIR)/movieDB.app/movieDB";
			};
			name = Release;
		};
/* End XCBuildConfiguration section */

/* Begin XCConfigurationList section */
		109BFB7D24F0D8A7005AF007 /* Build configuration list for PBXProject "movieDB" */ = {
			isa = XCConfigurationList;
			buildConfigurations = (
				109BFB9F24F0D8B3005AF007 /* Debug */,
				109BFBA024F0D8B3005AF007 /* Release */,
			);
			defaultConfigurationIsVisible = 0;
			defaultConfigurationName = Release;
		};
		109BFBA124F0D8B3005AF007 /* Build configuration list for PBXNativeTarget "movieDB" */ = {
			isa = XCConfigurationList;
			buildConfigurations = (
				109BFBA224F0D8B3005AF007 /* Debug */,
				109BFBA324F0D8B3005AF007 /* Release */,
			);
			defaultConfigurationIsVisible = 0;
			defaultConfigurationName = Release;
		};
		109BFBA424F0D8B3005AF007 /* Build configuration list for PBXNativeTarget "movieDBTests" */ = {
			isa = XCConfigurationList;
			buildConfigurations = (
				109BFBA524F0D8B3005AF007 /* Debug */,
				109BFBA624F0D8B3005AF007 /* Release */,
			);
			defaultConfigurationIsVisible = 0;
			defaultConfigurationName = Release;
		};
/* End XCConfigurationList section */
	};
	rootObject = 109BFB7A24F0D8A7005AF007 /* Project object */;
}
